
Microsoft Visual Studio Solution File, Format Version 12.00
# Visual Studio Version 16
VisualStudioVersion = 16.0.29519.87
MinimumVisualStudioVersion = 10.0.40219.1
Project("{8BC9CEB8-8B4A-11D0-8D11-00A0C91BC942}") = "myTiny", "myTiny.vcxproj", "{7F3D7D5C-5CCD-431E-B303-0620BE32A0CE}"
EndProject
Global
	GlobalSection(SolutionConfigurationPlatforms) = preSolution
		Debug|x64 = Debug|x64
		Debug|x86 = Debug|x86
		Release|x64 = Release|x64
		Release|x86 = Release|x86
	EndGlobalSection
	GlobalSection(ProjectConfigurationPlatforms) = postSolution
		{7F3D7D5C-5CCD-431E-B303-0620BE32A0CE}.Debug|x64.ActiveCfg = Debug|x64
		{7F3D7D5C-5CCD-431E-B303-0620BE32A0CE}.Debug|x64.Build.0 = Debug|x64
		{7F3D7D5C-5CCD-431E-B303-0620BE32A0CE}.Debug|x86.ActiveCfg = Debug|Win32
		{7F3D7D5C-5CCD-431E-B303-0620BE32A0CE}.Debug|x86.Build.0 = Debug|Win32
		{7F3D7D5C-5CCD-431E-B303-0620BE32A0CE}.Release|x64.ActiveCfg = Release|x64
		{7F3D7D5C-5CCD-431E-B303-0620BE32A0CE}.Release|x64.Build.0 = Release|x64
		{7F3D7D5C-5CCD-431E-B303-0620BE32A0CE}.Release|x86.ActiveCfg = Release|Win32
		{7F3D7D5C-5CCD-431E-B303-0620BE32A0CE}.Release|x86.Build.0 = Release|Win32
	EndGlobalSection
	GlobalSection(SolutionProperties) = preSolution
		HideSolutionNode = FALSE
	EndGlobalSection
	GlobalSection(ExtensibilityGlobals) = postSolution
		SolutionGuid = {47663D19-A02F-4F55-8B51-5310856C5835}
	EndGlobalSection
EndGlobal
